
Microsoft Visual Studio Solution File, Format Version 12.00
# Visual Studio Version 17
VisualStudioVersion = 17.1.32319.34
MinimumVisualStudioVersion = 10.0.40219.1
Project("{FAE04EC0-301F-11D3-BF4B-00C04F79EFBC}") = "Exercise1", "Exercise1\Exercise1.csproj", "{AD9AB314-1C3B-459D-AC7D-4A8E5E894C69}"
EndProject
Global
	GlobalSection(SolutionConfigurationPlatforms) = preSolution
		Debug|Any CPU = Debug|Any CPU
		Release|Any CPU = Release|Any CPU
	EndGlobalSection
	GlobalSection(ProjectConfigurationPlatforms) = postSolution
		{AD9AB314-1C3B-459D-AC7D-4A8E5E894C69}.Debug|Any CPU.ActiveCfg = Debug|Any CPU
		{AD9AB314-1C3B-459D-AC7D-4A8E5E894C69}.Debug|Any CPU.Build.0 = Debug|Any CPU
		{AD9AB314-1C3B-459D-AC7D-4A8E5E894C69}.Release|Any CPU.ActiveCfg = Release|Any CPU
		{AD9AB314-1C3B-459D-AC7D-4A8E5E894C69}.Release|Any CPU.Build.0 = Release|Any CPU
	EndGlobalSection
	GlobalSection(SolutionProperties) = preSolution
		HideSolutionNode = FALSE
	EndGlobalSection
	GlobalSection(ExtensibilityGlobals) = postSolution
		SolutionGuid = {2EEECAB0-464F-4E01-9117-3505F85FBB56}
	EndGlobalSection
EndGlobal
