
Microsoft Visual Studio Solution File, Format Version 12.00
# Visual Studio Version 17
VisualStudioVersion = 17.1.32319.34
MinimumVisualStudioVersion = 10.0.40219.1
Project("{FAE04EC0-301F-11D3-BF4B-00C04F79EFBC}") = "Review", "Review\Review.csproj", "{BB220924-0729-45E3-B07E-11F21EFFB5F0}"
EndProject
Project("{FAE04EC0-301F-11D3-BF4B-00C04F79EFBC}") = "LoopWhile", "Loop\LoopWhile.csproj", "{FCC0A95E-88E4-4C57-BEC2-75E32CEF4E93}"
EndProject
Project("{FAE04EC0-301F-11D3-BF4B-00C04F79EFBC}") = "Exercise1", "Exercise1\Exercise1.csproj", "{2623500C-5F2E-4445-BA72-C06DB721596C}"
EndProject
Project("{FAE04EC0-301F-11D3-BF4B-00C04F79EFBC}") = "LoopDoWhile", "LoopDoWhile\LoopDoWhile.csproj", "{B7005598-F625-45B3-A458-23AD4781C947}"
EndProject
Global
	GlobalSection(SolutionConfigurationPlatforms) = preSolution
		Debug|Any CPU = Debug|Any CPU
		Release|Any CPU = Release|Any CPU
	EndGlobalSection
	GlobalSection(ProjectConfigurationPlatforms) = postSolution
		{BB220924-0729-45E3-B07E-11F21EFFB5F0}.Debug|Any CPU.ActiveCfg = Debug|Any CPU
		{BB220924-0729-45E3-B07E-11F21EFFB5F0}.Debug|Any CPU.Build.0 = Debug|Any CPU
		{BB220924-0729-45E3-B07E-11F21EFFB5F0}.Release|Any CPU.ActiveCfg = Release|Any CPU
		{BB220924-0729-45E3-B07E-11F21EFFB5F0}.Release|Any CPU.Build.0 = Release|Any CPU
		{FCC0A95E-88E4-4C57-BEC2-75E32CEF4E93}.Debug|Any CPU.ActiveCfg = Debug|Any CPU
		{FCC0A95E-88E4-4C57-BEC2-75E32CEF4E93}.Debug|Any CPU.Build.0 = Debug|Any CPU
		{FCC0A95E-88E4-4C57-BEC2-75E32CEF4E93}.Release|Any CPU.ActiveCfg = Release|Any CPU
		{FCC0A95E-88E4-4C57-BEC2-75E32CEF4E93}.Release|Any CPU.Build.0 = Release|Any CPU
		{2623500C-5F2E-4445-BA72-C06DB721596C}.Debug|Any CPU.ActiveCfg = Debug|Any CPU
		{2623500C-5F2E-4445-BA72-C06DB721596C}.Debug|Any CPU.Build.0 = Debug|Any CPU
		{2623500C-5F2E-4445-BA72-C06DB721596C}.Release|Any CPU.ActiveCfg = Release|Any CPU
		{2623500C-5F2E-4445-BA72-C06DB721596C}.Release|Any CPU.Build.0 = Release|Any CPU
		{B7005598-F625-45B3-A458-23AD4781C947}.Debug|Any CPU.ActiveCfg = Debug|Any CPU
		{B7005598-F625-45B3-A458-23AD4781C947}.Debug|Any CPU.Build.0 = Debug|Any CPU
		{B7005598-F625-45B3-A458-23AD4781C947}.Release|Any CPU.ActiveCfg = Release|Any CPU
		{B7005598-F625-45B3-A458-23AD4781C947}.Release|Any CPU.Build.0 = Release|Any CPU
	EndGlobalSection
	GlobalSection(SolutionProperties) = preSolution
		HideSolutionNode = FALSE
	EndGlobalSection
	GlobalSection(ExtensibilityGlobals) = postSolution
		SolutionGuid = {8A8005F4-6520-4637-97CE-943CD83493B1}
	EndGlobalSection
EndGlobal
