
Microsoft Visual Studio Solution File, Format Version 12.00
# Visual Studio Version 17
VisualStudioVersion = 17.1.32319.34
MinimumVisualStudioVersion = 10.0.40219.1
Project("{FAE04EC0-301F-11D3-BF4B-00C04F79EFBC}") = "Review1", "Review1\Review1.csproj", "{6A90B18A-80B5-476A-80E8-3A4CC2CACC24}"
EndProject
Global
	GlobalSection(SolutionConfigurationPlatforms) = preSolution
		Debug|Any CPU = Debug|Any CPU
		Release|Any CPU = Release|Any CPU
	EndGlobalSection
	GlobalSection(ProjectConfigurationPlatforms) = postSolution
		{6A90B18A-80B5-476A-80E8-3A4CC2CACC24}.Debug|Any CPU.ActiveCfg = Debug|Any CPU
		{6A90B18A-80B5-476A-80E8-3A4CC2CACC24}.Debug|Any CPU.Build.0 = Debug|Any CPU
		{6A90B18A-80B5-476A-80E8-3A4CC2CACC24}.Release|Any CPU.ActiveCfg = Release|Any CPU
		{6A90B18A-80B5-476A-80E8-3A4CC2CACC24}.Release|Any CPU.Build.0 = Release|Any CPU
	EndGlobalSection
	GlobalSection(SolutionProperties) = preSolution
		HideSolutionNode = FALSE
	EndGlobalSection
	GlobalSection(ExtensibilityGlobals) = postSolution
		SolutionGuid = {DA716D0E-7CEC-4F17-9F1C-1231628A7550}
	EndGlobalSection
EndGlobal
