
Microsoft Visual Studio Solution File, Format Version 12.00
# Visual Studio Version 17
VisualStudioVersion = 17.1.32319.34
MinimumVisualStudioVersion = 10.0.40219.1
Project("{FAE04EC0-301F-11D3-BF4B-00C04F79EFBC}") = "Exercise1", "Exercise1\Exercise1.csproj", "{C8D43F3E-198E-49A8-9E4F-78196F0B7627}"
EndProject
Project("{FAE04EC0-301F-11D3-BF4B-00C04F79EFBC}") = "Exercise2", "Exercise2\Exercise2.csproj", "{F035ABB9-38C0-4362-AFAC-B3C3896749D7}"
EndProject
Project("{FAE04EC0-301F-11D3-BF4B-00C04F79EFBC}") = "Exercise3", "Exercise3\Exercise3.csproj", "{699F534E-F010-4540-AB0F-B84090ED6B98}"
EndProject
Global
	GlobalSection(SolutionConfigurationPlatforms) = preSolution
		Debug|Any CPU = Debug|Any CPU
		Release|Any CPU = Release|Any CPU
	EndGlobalSection
	GlobalSection(ProjectConfigurationPlatforms) = postSolution
		{C8D43F3E-198E-49A8-9E4F-78196F0B7627}.Debug|Any CPU.ActiveCfg = Debug|Any CPU
		{C8D43F3E-198E-49A8-9E4F-78196F0B7627}.Debug|Any CPU.Build.0 = Debug|Any CPU
		{C8D43F3E-198E-49A8-9E4F-78196F0B7627}.Release|Any CPU.ActiveCfg = Release|Any CPU
		{C8D43F3E-198E-49A8-9E4F-78196F0B7627}.Release|Any CPU.Build.0 = Release|Any CPU
		{F035ABB9-38C0-4362-AFAC-B3C3896749D7}.Debug|Any CPU.ActiveCfg = Debug|Any CPU
		{F035ABB9-38C0-4362-AFAC-B3C3896749D7}.Debug|Any CPU.Build.0 = Debug|Any CPU
		{F035ABB9-38C0-4362-AFAC-B3C3896749D7}.Release|Any CPU.ActiveCfg = Release|Any CPU
		{F035ABB9-38C0-4362-AFAC-B3C3896749D7}.Release|Any CPU.Build.0 = Release|Any CPU
		{699F534E-F010-4540-AB0F-B84090ED6B98}.Debug|Any CPU.ActiveCfg = Debug|Any CPU
		{699F534E-F010-4540-AB0F-B84090ED6B98}.Debug|Any CPU.Build.0 = Debug|Any CPU
		{699F534E-F010-4540-AB0F-B84090ED6B98}.Release|Any CPU.ActiveCfg = Release|Any CPU
		{699F534E-F010-4540-AB0F-B84090ED6B98}.Release|Any CPU.Build.0 = Release|Any CPU
	EndGlobalSection
	GlobalSection(SolutionProperties) = preSolution
		HideSolutionNode = FALSE
	EndGlobalSection
	GlobalSection(ExtensibilityGlobals) = postSolution
		SolutionGuid = {B69DCC21-10C5-43E2-8402-55340D2D8693}
	EndGlobalSection
EndGlobal
